
Microsoft Visual Studio Solution File, Format Version 12.00
# Visual Studio Version 17
VisualStudioVersion = 17.13.35931.197 d17.13
MinimumVisualStudioVersion = 10.0.40219.1
Project("{FAE04EC0-301F-11D3-BF4B-00C04F79EFBC}") = "turf-tuskers-backend", "turf-tuskers-backend\turf-tuskers-backend.csproj", "{111A5B47-B8B3-4948-84D8-8DD1B809F55D}"
EndProject
Global
	GlobalSection(SolutionConfigurationPlatforms) = preSolution
		Debug|Any CPU = Debug|Any CPU
		Release|Any CPU = Release|Any CPU
	EndGlobalSection
	GlobalSection(ProjectConfigurationPlatforms) = postSolution
		{111A5B47-B8B3-4948-84D8-8DD1B809F55D}.Debug|Any CPU.ActiveCfg = Debug|Any CPU
		{111A5B47-B8B3-4948-84D8-8DD1B809F55D}.Debug|Any CPU.Build.0 = Debug|Any CPU
		{111A5B47-B8B3-4948-84D8-8DD1B809F55D}.Release|Any CPU.ActiveCfg = Release|Any CPU
		{111A5B47-B8B3-4948-84D8-8DD1B809F55D}.Release|Any CPU.Build.0 = Release|Any CPU
	EndGlobalSection
	GlobalSection(SolutionProperties) = preSolution
		HideSolutionNode = FALSE
	EndGlobalSection
	GlobalSection(ExtensibilityGlobals) = postSolution
		SolutionGuid = {F33246F9-0EB0-4DC5-AAFD-902663908E02}
	EndGlobalSection
EndGlobal
